lockfileVersion: '9.0'

settings:
  autoInstallPeers: true
  excludeLinksFromLockfile: false

importers:

  .:
    devDependencies:
      '@typescript/native-preview':
        specifier: latest
        version: 7.0.0-dev.20251216.1
      effect:
        specifier: ^3.16.4
        version: 3.19.12
      typescript:
        specifier: ^5.7.2
        version: 5.9.3

packages:

  '@standard-schema/spec@1.1.0':
    resolution: {integrity: sha512-l2aFy5jALhniG5HgqrD6jXLi/rUWrKvqN/qJx6yoJsgKhblVd+iqqU4RCXavm/jPityDo5TCvKMnpjKnOriy0w==}

  '@typescript/native-preview-darwin-arm64@7.0.0-dev.20251216.1':
    resolution: {integrity: sha512-2hKNSD6mDwUnoGNHBMvo8M3GVjqc9utRE740RzMxjTkpJJxrzSROqTb3s7wccjhWvowHlA1hNccCMDhvzQHxeQ==}
    cpu: [arm64]
    os: [darwin]

  '@typescript/native-preview-darwin-x64@7.0.0-dev.20251216.1':
    resolution: {integrity: sha512-pm9+EOLIAD3qjoLKuaj7TLxw3MtYgSi5H0y3Zq2bTFsuFopxfMLhK84jBQUsRMTRd4SZK57voKvwzlqFvvEPvA==}
    cpu: [x64]
    os: [darwin]

  '@typescript/native-preview-linux-arm64@7.0.0-dev.20251216.1':
    resolution: {integrity: sha512-0lziHrVHxjyQ/abwzDvlBspZu4MWg31GP9rLmbezjITYb5b6Fy6mbnukd9DHaIDaTZblgA8Oi/FyovBSzI6RMA==}
    cpu: [arm64]
    os: [linux]

  '@typescript/native-preview-linux-arm@7.0.0-dev.20251216.1':
    resolution: {integrity: sha512-MPPWpviN5aNz8L/+jdL2c2u06jeb5rt9+Q04scfDCoOJn239jzGxWcAU+7RSYw2AO3KkhCcLj8EmZx/v340PFw==}
    cpu: [arm]
    os: [linux]

  '@typescript/native-preview-linux-x64@7.0.0-dev.20251216.1':
    resolution: {integrity: sha512-zm0ua1ED7oYGAtYAoYNFBOIHAMrARCGNX0wk7L6i6BvI96rScaZNAHxIatc/bXb3KucsbRV7DWZ/Orj/LDNxAA==}
    cpu: [x64]
    os: [linux]

  '@typescript/native-preview-win32-arm64@7.0.0-dev.20251216.1':
    resolution: {integrity: sha512-X8NTq7m1+AhVMq2yCflMFrr2yqeg8lGaSCygGa69FwAcxNTphh+4CloR/VQWoXddF+Xk5EU8vpevHPWs2rlDSQ==}
    cpu: [arm64]
    os: [win32]

  '@typescript/native-preview-win32-x64@7.0.0-dev.20251216.1':
    resolution: {integrity: sha512-vS3B5uGtBjCy2qGjLZrV1+irycEvirnrW+twjANWQEteEAIOop/ODGYIuZsvMKA31vuWQ3G9TEWoG9LWb4Lsng==}
    cpu: [x64]
    os: [win32]

  '@typescript/native-preview@7.0.0-dev.20251216.1':
    resolution: {integrity: sha512-5BkDN1eXucR8r3YmskTClcrWRjDALqnXjRGcUYUPgrTBI3kh09B3L9uuDSSnGKWg0tfzPn8ESNBmMGgtRb+2yw==}
    hasBin: true

  effect@3.19.12:
    resolution: {integrity: sha512-7F9RGTrCTC3D7nh9Zw+3VlJWwZgo5k33KA+476BAaD0rKIXKZsY/jQ+ipyhR/Avo239Fi6GqAVFs1mqM1IJ7yg==}

  fast-check@3.23.2:
    resolution: {integrity: sha512-h5+1OzzfCC3Ef7VbtKdcv7zsstUQwUDlYpUTvjeUsJAssPgLn7QzbboPtL5ro04Mq0rPOsMzl7q5hIbRs2wD1A==}
    engines: {node: '>=8.0.0'}

  pure-rand@6.1.0:
    resolution: {integrity: sha512-bVWawvoZoBYpp6yIoQtQXHZjmz35RSVHnUOTefl8Vcjr8snTPY1wnpSPMWekcFwbxI6gtmT7rSYPFvz71ldiOA==}

  typescript@5.9.3:
    resolution: {integrity: sha512-jl1vZzPDinLr9eUt3J/t7V6FgNEw9QjvBPdysz9KfQDD41fQrC2Y4vKQdiaUpFT4bXlb1RHhLpp8wtm6M5TgSw==}
    engines: {node: '>=14.17'}
    hasBin: true

snapshots:

  '@standard-schema/spec@1.1.0': {}

  '@typescript/native-preview-darwin-arm64@7.0.0-dev.20251216.1':
    optional: true

  '@typescript/native-preview-darwin-x64@7.0.0-dev.20251216.1':
    optional: true

  '@typescript/native-preview-linux-arm64@7.0.0-dev.20251216.1':
    optional: true

  '@typescript/native-preview-linux-arm@7.0.0-dev.20251216.1':
    optional: true

  '@typescript/native-preview-linux-x64@7.0.0-dev.20251216.1':
    optional: true

  '@typescript/native-preview-win32-arm64@7.0.0-dev.20251216.1':
    optional: true

  '@typescript/native-preview-win32-x64@7.0.0-dev.20251216.1':
    optional: true

  '@typescript/native-preview@7.0.0-dev.20251216.1':
    optionalDependencies:
      '@typescript/native-preview-darwin-arm64': 7.0.0-dev.20251216.1
      '@typescript/native-preview-darwin-x64': 7.0.0-dev.20251216.1
      '@typescript/native-preview-linux-arm': 7.0.0-dev.20251216.1
      '@typescript/native-preview-linux-arm64': 7.0.0-dev.20251216.1
      '@typescript/native-preview-linux-x64': 7.0.0-dev.20251216.1
      '@typescript/native-preview-win32-arm64': 7.0.0-dev.20251216.1
      '@typescript/native-preview-win32-x64': 7.0.0-dev.20251216.1

  effect@3.19.12:
    dependencies:
      '@standard-schema/spec': 1.1.0
      fast-check: 3.23.2

  fast-check@3.23.2:
    dependencies:
      pure-rand: 6.1.0

  pure-rand@6.1.0: {}

  typescript@5.9.3: {}
